// !$*UTF8*$!
{
	archiveVersion = 1;
	classes = {
	};
	objectVersion = 56;
	objects = {

/* Begin PBXBuildFile section */
		357DAA5B2ACB8427001D5299 /* Message.swift in Sources */ = {isa = PBXBuildFile; fileRef = 357DAA5A2ACB8427001D5299 /* Message.swift */; };
		357DAA5D2ACB84F7001D5299 /* MessageBubble.swift in Sources */ = {isa = PBXBuildFile; fileRef = 357DAA5C2ACB84F7001D5299 /* MessageBubble.swift */; };
		357DAA5F2ACB8CBF001D5299 /* Extensions.swift in Sources */ = {isa = PBXBuildFile; fileRef = 357DAA5E2ACB8CBF001D5299 /* Extensions.swift */; };
		357DAA612ACB8E01001D5299 /* MessageField.swift in Sources */ = {isa = PBXBuildFile; fileRef = 357DAA602ACB8E01001D5299 /* MessageField.swift */; };
		357DAA632ACB9208001D5299 /* GoogleService-Info-3.plist in Resources */ = {isa = PBXBuildFile; fileRef = 357DAA622ACB9208001D5299 /* GoogleService-Info-3.plist */; };
		357DAA662ACB949A001D5299 /* FirebaseFirestore in Frameworks */ = {isa = PBXBuildFile; productRef = 357DAA652ACB949A001D5299 /* FirebaseFirestore */; };
		357DAA682ACB949A001D5299 /* FirebaseFirestoreSwift in Frameworks */ = {isa = PBXBuildFile; productRef = 357DAA672ACB949A001D5299 /* FirebaseFirestoreSwift */; };
		357DAA6A2ACB97EF001D5299 /* MessagesManager.swift in Sources */ = {isa = PBXBuildFile; fileRef = 357DAA692ACB97EF001D5299 /* MessagesManager.swift */; };
		3596C1B72ACB6FC2007F6C9B /* ChatAppDemoApp.swift in Sources */ = {isa = PBXBuildFile; fileRef = 3596C1B62ACB6FC2007F6C9B /* ChatAppDemoApp.swift */; };
		3596C1B92ACB6FC2007F6C9B /* ContentView.swift in Sources */ = {isa = PBXBuildFile; fileRef = 3596C1B82ACB6FC2007F6C9B /* ContentView.swift */; };
		3596C1BB2ACB6FC8007F6C9B /* Assets.xcassets in Resources */ = {isa = PBXBuildFile; fileRef = 3596C1BA2ACB6FC8007F6C9B /* Assets.xcassets */; };
		3596C1BE2ACB6FC8007F6C9B /* Preview Assets.xcassets in Resources */ = {isa = PBXBuildFile; fileRef = 3596C1BD2ACB6FC8007F6C9B /* Preview Assets.xcassets */; };
		3596C1C62ACB77D6007F6C9B /* TitleRow.swift in Sources */ = {isa = PBXBuildFile; fileRef = 3596C1C52ACB77D6007F6C9B /* TitleRow.swift */; };
/* End PBXBuildFile section */

/* Begin PBXFileReference section */
		357DAA5A2ACB8427001D5299 /* Message.swift */ = {isa = PBXFileReference; lastKnownFileType = sourcecode.swift; path = Message.swift; sourceTree = "<group>"; };
		357DAA5C2ACB84F7001D5299 /* MessageBubble.swift */ = {isa = PBXFileReference; lastKnownFileType = sourcecode.swift; path = MessageBubble.swift; sourceTree = "<group>"; };
		357DAA5E2ACB8CBF001D5299 /* Extensions.swift */ = {isa = PBXFileReference; lastKnownFileType = sourcecode.swift; path = Extensions.swift; sourceTree = "<group>"; };
		357DAA602ACB8E01001D5299 /* MessageField.swift */ = {isa = PBXFileReference; lastKnownFileType = sourcecode.swift; path = MessageField.swift; sourceTree = "<group>"; };
		357DAA622ACB9208001D5299 /* GoogleService-Info-3.plist */ = {isa = PBXFileReference; fileEncoding = 4; lastKnownFileType = text.plist.xml; path = "GoogleService-Info-3.plist"; sourceTree = "<group>"; };
		357DAA692ACB97EF001D5299 /* MessagesManager.swift */ = {isa = PBXFileReference; lastKnownFileType = sourcecode.swift; path = MessagesManager.swift; sourceTree = "<group>"; };
		3596C1B32ACB6FC2007F6C9B /* ChatAppDemo.app */ = {isa = PBXFileReference; explicitFileType = wrapper.application; includeInIndex = 0; path = ChatAppDemo.app; sourceTree = BUILT_PRODUCTS_DIR; };
		3596C1B62ACB6FC2007F6C9B /* ChatAppDemoApp.swift */ = {isa = PBXFileReference; lastKnownFileType = sourcecode.swift; path = ChatAppDemoApp.swift; sourceTree = "<group>"; };
		3596C1B82ACB6FC2007F6C9B /* ContentView.swift */ = {isa = PBXFileReference; lastKnownFileType = sourcecode.swift; path = ContentView.swift; sourceTree = "<group>"; };
		3596C1BA2ACB6FC8007F6C9B /* Assets.xcassets */ = {isa = PBXFileReference; lastKnownFileType = folder.assetcatalog; path = Assets.xcassets; sourceTree = "<group>"; };
		3596C1BD2ACB6FC8007F6C9B /* Preview Assets.xcassets */ = {isa = PBXFileReference; lastKnownFileType = folder.assetcatalog; path = "Preview Assets.xcassets"; sourceTree = "<group>"; };
		3596C1C52ACB77D6007F6C9B /* TitleRow.swift */ = {isa = PBXFileReference; lastKnownFileType = sourcecode.swift; path = TitleRow.swift; sourceTree = "<group>"; };
/* End PBXFileReference section */

/* Begin PBXFrameworksBuildPhase section */
		3596C1B02ACB6FC2007F6C9B /* Frameworks */ = {
			isa = PBXFrameworksBuildPhase;
			buildActionMask = 2147483647;
			files = (
				357DAA662ACB949A001D5299 /* FirebaseFirestore in Frameworks */,
				357DAA682ACB949A001D5299 /* FirebaseFirestoreSwift in Frameworks */,
			);
			runOnlyForDeploymentPostprocessing = 0;
		};
/* End PBXFrameworksBuildPhase section */

/* Begin PBXGroup section */
		357DAA572ACB8399001D5299 /* Models */ = {
			isa = PBXGroup;
			children = (
				357DAA5A2ACB8427001D5299 /* Message.swift */,
			);
			path = Models;
			sourceTree = "<group>";
		};
		3596C1AA2ACB6FC2007F6C9B = {
			isa = PBXGroup;
			children = (
				3596C1B52ACB6FC2007F6C9B /* ChatAppDemo */,
				3596C1B42ACB6FC2007F6C9B /* Products */,
			);
			sourceTree = "<group>";
		};
		3596C1B42ACB6FC2007F6C9B /* Products */ = {
			isa = PBXGroup;
			children = (
				3596C1B32ACB6FC2007F6C9B /* ChatAppDemo.app */,
			);
			name = Products;
			sourceTree = "<group>";
		};
		3596C1B52ACB6FC2007F6C9B /* ChatAppDemo */ = {
			isa = PBXGroup;
			children = (
				3596C1B62ACB6FC2007F6C9B /* ChatAppDemoApp.swift */,
				3596C1B82ACB6FC2007F6C9B /* ContentView.swift */,
				357DAA622ACB9208001D5299 /* GoogleService-Info-3.plist */,
				357DAA572ACB8399001D5299 /* Models */,
				3596C1C42ACB7783007F6C9B /* Components */,
				3596C1BA2ACB6FC8007F6C9B /* Assets.xcassets */,
				3596C1BC2ACB6FC8007F6C9B /* Preview Content */,
				357DAA5E2ACB8CBF001D5299 /* Extensions.swift */,
				357DAA692ACB97EF001D5299 /* MessagesManager.swift */,
			);
			path = ChatAppDemo;
			sourceTree = "<group>";
		};
		3596C1BC2ACB6FC8007F6C9B /* Preview Content */ = {
			isa = PBXGroup;
			children = (
				3596C1BD2ACB6FC8007F6C9B /* Preview Assets.xcassets */,
			);
			path = "Preview Content";
			sourceTree = "<group>";
		};
		3596C1C42ACB7783007F6C9B /* Components */ = {
			isa = PBXGroup;
			children = (
				3596C1C52ACB77D6007F6C9B /* TitleRow.swift */,
				357DAA5C2ACB84F7001D5299 /* MessageBubble.swift */,
				357DAA602ACB8E01001D5299 /* MessageField.swift */,
			);
			path = Components;
			sourceTree = "<group>";
		};
/* End PBXGroup section */

/* Begin PBXNativeTarget section */
		3596C1B22ACB6FC2007F6C9B /* ChatAppDemo */ = {
			isa = PBXNativeTarget;
			buildConfigurationList = 3596C1C12ACB6FC8007F6C9B /* Build configuration list for PBXNativeTarget "ChatAppDemo" */;
			buildPhases = (
				3596C1AF2ACB6FC2007F6C9B /* Sources */,
				3596C1B02ACB6FC2007F6C9B /* Frameworks */,
				3596C1B12ACB6FC2007F6C9B /* Resources */,
			);
			buildRules = (
			);
			dependencies = (
			);
			name = ChatAppDemo;
			packageProductDependencies = (
				357DAA652ACB949A001D5299 /* FirebaseFirestore */,
				357DAA672ACB949A001D5299 /* FirebaseFirestoreSwift */,
			);
			productName = ChatAppDemo;
			productReference = 3596C1B32ACB6FC2007F6C9B /* ChatAppDemo.app */;
			productType = "com.apple.product-type.application";
		};
/* End PBXNativeTarget section */

/* Begin PBXProject section */
		3596C1AB2ACB6FC2007F6C9B /* Project object */ = {
			isa = PBXProject;
			attributes = {
				BuildIndependentTargetsInParallel = 1;
				LastSwiftUpdateCheck = 1430;
				LastUpgradeCheck = 1430;
				TargetAttributes = {
					3596C1B22ACB6FC2007F6C9B = {
						CreatedOnToolsVersion = 14.3.1;
					};
				};
			};
			buildConfigurationList = 3596C1AE2ACB6FC2007F6C9B /* Build configuration list for PBXProject "ChatAppDemo" */;
			compatibilityVersion = "Xcode 14.0";
			developmentRegion = en;
			hasScannedForEncodings = 0;
			knownRegions = (
				en,
				Base,
			);
			mainGroup = 3596C1AA2ACB6FC2007F6C9B;
			packageReferences = (
				357DAA642ACB949A001D5299 /* XCRemoteSwiftPackageReference "firebase-ios-sdk" */,
			);
			productRefGroup = 3596C1B42ACB6FC2007F6C9B /* Products */;
			projectDirPath = "";
			projectRoot = "";
			targets = (
				3596C1B22ACB6FC2007F6C9B /* ChatAppDemo */,
			);
		};
/* End PBXProject section */

/* Begin PBXResourcesBuildPhase section */
		3596C1B12ACB6FC2007F6C9B /* Resources */ = {
			isa = PBXResourcesBuildPhase;
			buildActionMask = 2147483647;
			files = (
				3596C1BE2ACB6FC8007F6C9B /* Preview Assets.xcassets in Resources */,
				357DAA632ACB9208001D5299 /* GoogleService-Info-3.plist in Resources */,
				3596C1BB2ACB6FC8007F6C9B /* Assets.xcassets in Resources */,
			);
			runOnlyForDeploymentPostprocessing = 0;
		};
/* End PBXResourcesBuildPhase section */

/* Begin PBXSourcesBuildPhase section */
		3596C1AF2ACB6FC2007F6C9B /* Sources */ = {
			isa = PBXSourcesBuildPhase;
			buildActionMask = 2147483647;
			files = (
				3596C1B92ACB6FC2007F6C9B /* ContentView.swift in Sources */,
				357DAA5F2ACB8CBF001D5299 /* Extensions.swift in Sources */,
				357DAA5B2ACB8427001D5299 /* Message.swift in Sources */,
				357DAA6A2ACB97EF001D5299 /* MessagesManager.swift in Sources */,
				357DAA612ACB8E01001D5299 /* MessageField.swift in Sources */,
				357DAA5D2ACB84F7001D5299 /* MessageBubble.swift in Sources */,
				3596C1B72ACB6FC2007F6C9B /* ChatAppDemoApp.swift in Sources */,
				3596C1C62ACB77D6007F6C9B /* TitleRow.swift in Sources */,
			);
			runOnlyForDeploymentPostprocessing = 0;
		};
/* End PBXSourcesBuildPhase section */

/* Begin XCBuildConfiguration section */
		3596C1BF2ACB6FC8007F6C9B /* Debug */ = {
			isa = XCBuildConfiguration;
			buildSettings = {
				ALWAYS_SEARCH_USER_PATHS = NO;
				CLANG_ANALYZER_NONNULL = YES;
				CLANG_ANALYZER_NUMBER_OBJECT_CONVERSION = YES_AGGRESSIVE;
				CLANG_CXX_LANGUAGE_STANDARD = "gnu++20";
				CLANG_ENABLE_MODULES = YES;
				CLANG_ENABLE_OBJC_ARC = YES;
				CLANG_ENABLE_OBJC_WEAK = YES;
				CLANG_WARN_BLOCK_CAPTURE_AUTORELEASING = YES;
				CLANG_WARN_BOOL_CONVERSION = YES;
				CLANG_WARN_COMMA = YES;
				CLANG_WARN_CONSTANT_CONVERSION = YES;
				CLANG_WARN_DEPRECATED_OBJC_IMPLEMENTATIONS = YES;
				CLANG_WARN_DIRECT_OBJC_ISA_USAGE = YES_ERROR;
				CLANG_WARN_DOCUMENTATION_COMMENTS = YES;
				CLANG_WARN_EMPTY_BODY = YES;
				CLANG_WARN_ENUM_CONVERSION = YES;
				CLANG_WARN_INFINITE_RECURSION = YES;
				CLANG_WARN_INT_CONVERSION = YES;
				CLANG_WARN_NON_LITERAL_NULL_CONVERSION = YES;
				CLANG_WARN_OBJC_IMPLICIT_RETAIN_SELF = YES;
				CLANG_WARN_OBJC_LITERAL_CONVERSION = YES;
				CLANG_WARN_OBJC_ROOT_CLASS = YES_ERROR;
				CLANG_WARN_QUOTED_INCLUDE_IN_FRAMEWORK_HEADER = YES;
				CLANG_WARN_RANGE_LOOP_ANALYSIS = YES;
				CLANG_WARN_STRICT_PROTOTYPES = YES;
				CLANG_WARN_SUSPICIOUS_MOVE = YES;
				CLANG_WARN_UNGUARDED_AVAILABILITY = YES_AGGRESSIVE;
				CLANG_WARN_UNREACHABLE_CODE = YES;
				CLANG_WARN__DUPLICATE_METHOD_MATCH = YES;
				COPY_PHASE_STRIP = NO;
				DEBUG_INFORMATION_FORMAT = dwarf;
				ENABLE_STRICT_OBJC_MSGSEND = YES;
				ENABLE_TESTABILITY = YES;
				GCC_C_LANGUAGE_STANDARD = gnu11;
				GCC_DYNAMIC_NO_PIC = NO;
				GCC_NO_COMMON_BLOCKS = YES;
				GCC_OPTIMIZATION_LEVEL = 0;
				GCC_PREPROCESSOR_DEFINITIONS = (
					"DEBUG=1",
					"$(inherited)",
				);
				GCC_WARN_64_TO_32_BIT_CONVERSION = YES;
				GCC_WARN_ABOUT_RETURN_TYPE = YES_ERROR;
				GCC_WARN_UNDECLARED_SELECTOR = YES;
				GCC_WARN_UNINITIALIZED_AUTOS = YES_AGGRESSIVE;
				GCC_WARN_UNUSED_FUNCTION = YES;
				GCC_WARN_UNUSED_VARIABLE = YES;
				IPHONEOS_DEPLOYMENT_TARGET = 16.4;
				MTL_ENABLE_DEBUG_INFO = INCLUDE_SOURCE;
				MTL_FAST_MATH = YES;
				ONLY_ACTIVE_ARCH = YES;
				SDKROOT = iphoneos;
				SWIFT_ACTIVE_COMPILATION_CONDITIONS = DEBUG;
				SWIFT_OPTIMIZATION_LEVEL = "-Onone";
			};
			name = Debug;
		};
		3596C1C02ACB6FC8007F6C9B /* Release */ = {
			isa = XCBuildConfiguration;
			buildSettings = {
				ALWAYS_SEARCH_USER_PATHS = NO;
				CLANG_ANALYZER_NONNULL = YES;
				CLANG_ANALYZER_NUMBER_OBJECT_CONVERSION = YES_AGGRESSIVE;
				CLANG_CXX_LANGUAGE_STANDARD = "gnu++20";
				CLANG_ENABLE_MODULES = YES;
				CLANG_ENABLE_OBJC_ARC = YES;
				CLANG_ENABLE_OBJC_WEAK = YES;
				CLANG_WARN_BLOCK_CAPTURE_AUTORELEASING = YES;
				CLANG_WARN_BOOL_CONVERSION = YES;
				CLANG_WARN_COMMA = YES;
				CLANG_WARN_CONSTANT_CONVERSION = YES;
				CLANG_WARN_DEPRECATED_OBJC_IMPLEMENTATIONS = YES;
				CLANG_WARN_DIRECT_OBJC_ISA_USAGE = YES_ERROR;
				CLANG_WARN_DOCUMENTATION_COMMENTS = YES;
				CLANG_WARN_EMPTY_BODY = YES;
				CLANG_WARN_ENUM_CONVERSION = YES;
				CLANG_WARN_INFINITE_RECURSION = YES;
				CLANG_WARN_INT_CONVERSION = YES;
				CLANG_WARN_NON_LITERAL_NULL_CONVERSION = YES;
				CLANG_WARN_OBJC_IMPLICIT_RETAIN_SELF = YES;
				CLANG_WARN_OBJC_LITERAL_CONVERSION = YES;
				CLANG_WARN_OBJC_ROOT_CLASS = YES_ERROR;
				CLANG_WARN_QUOTED_INCLUDE_IN_FRAMEWORK_HEADER = YES;
				CLANG_WARN_RANGE_LOOP_ANALYSIS = YES;
				CLANG_WARN_STRICT_PROTOTYPES = YES;
				CLANG_WARN_SUSPICIOUS_MOVE = YES;
				CLANG_WARN_UNGUARDED_AVAILABILITY = YES_AGGRESSIVE;
				CLANG_WARN_UNREACHABLE_CODE = YES;
				CLANG_WARN__DUPLICATE_METHOD_MATCH = YES;
				COPY_PHASE_STRIP = NO;
				DEBUG_INFORMATION_FORMAT = "dwarf-with-dsym";
				ENABLE_NS_ASSERTIONS = NO;
				ENABLE_STRICT_OBJC_MSGSEND = YES;
				GCC_C_LANGUAGE_STANDARD = gnu11;
				GCC_NO_COMMON_BLOCKS = YES;
				GCC_WARN_64_TO_32_BIT_CONVERSION = YES;
				GCC_WARN_ABOUT_RETURN_TYPE = YES_ERROR;
				GCC_WARN_UNDECLARED_SELECTOR = YES;
				GCC_WARN_UNINITIALIZED_AUTOS = YES_AGGRESSIVE;
				GCC_WARN_UNUSED_FUNCTION = YES;
				GCC_WARN_UNUSED_VARIABLE = YES;
				IPHONEOS_DEPLOYMENT_TARGET = 16.4;
				MTL_ENABLE_DEBUG_INFO = NO;
				MTL_FAST_MATH = YES;
				SDKROOT = iphoneos;
				SWIFT_COMPILATION_MODE = wholemodule;
				SWIFT_OPTIMIZATION_LEVEL = "-O";
				VALIDATE_PRODUCT = YES;
			};
			name = Release;
		};
		3596C1C22ACB6FC8007F6C9B /* Debug */ = {
			isa = XCBuildConfiguration;
			buildSettings = {
				ASSETCATALOG_COMPILER_APPICON_NAME = AppIcon;
				ASSETCATALOG_COMPILER_GLOBAL_ACCENT_COLOR_NAME = AccentColor;
				CODE_SIGN_STYLE = Automatic;
				CURRENT_PROJECT_VERSION = 1;
				DEVELOPMENT_ASSET_PATHS = "\"ChatAppDemo/Preview Content\"";
				DEVELOPMENT_TEAM = X4JACAAQCR;
				ENABLE_PREVIEWS = YES;
				GENERATE_INFOPLIST_FILE = YES;
				INFOPLIST_KEY_UIApplicationSceneManifest_Generation = YES;
				INFOPLIST_KEY_UIApplicationSupportsIndirectInputEvents = YES;
				INFOPLIST_KEY_UILaunchScreen_Generation = YES;
				INFOPLIST_KEY_UISupportedInterfaceOrientations_iPad = "UIInterfaceOrientationPortrait UIInterfaceOrientationPortraitUpsideDown UIInterfaceOrientationLandscapeLeft UIInterfaceOrientationLandscapeRight";
				INFOPLIST_KEY_UISupportedInterfaceOrientations_iPhone = "UIInterfaceOrientationPortrait UIInterfaceOrientationLandscapeLeft UIInterfaceOrientationLandscapeRight";
				LD_RUNPATH_SEARCH_PATHS = (
					"$(inherited)",
					"@executable_path/Frameworks",
				);
				MARKETING_VERSION = 1.0;
				PRODUCT_BUNDLE_IDENTIFIER = com.allina.sosnovich.ChatAppDemo;
				PRODUCT_NAME = "$(TARGET_NAME)";
				SWIFT_EMIT_LOC_STRINGS = YES;
				SWIFT_VERSION = 5.0;
				TARGETED_DEVICE_FAMILY = "1,2";
			};
			name = Debug;
		};
		3596C1C32ACB6FC8007F6C9B /* Release */ = {
			isa = XCBuildConfiguration;
			buildSettings = {
				ASSETCATALOG_COMPILER_APPICON_NAME = AppIcon;
				ASSETCATALOG_COMPILER_GLOBAL_ACCENT_COLOR_NAME = AccentColor;
				CODE_SIGN_STYLE = Automatic;
				CURRENT_PROJECT_VERSION = 1;
				DEVELOPMENT_ASSET_PATHS = "\"ChatAppDemo/Preview Content\"";
				DEVELOPMENT_TEAM = X4JACAAQCR;
				ENABLE_PREVIEWS = YES;
				GENERATE_INFOPLIST_FILE = YES;
				INFOPLIST_KEY_UIApplicationSceneManifest_Generation = YES;
				INFOPLIST_KEY_UIApplicationSupportsIndirectInputEvents = YES;
				INFOPLIST_KEY_UILaunchScreen_Generation = YES;
				INFOPLIST_KEY_UISupportedInterfaceOrientations_iPad = "UIInterfaceOrientationPortrait UIInterfaceOrientationPortraitUpsideDown UIInterfaceOrientationLandscapeLeft UIInterfaceOrientationLandscapeRight";
				INFOPLIST_KEY_UISupportedInterfaceOrientations_iPhone = "UIInterfaceOrientationPortrait UIInterfaceOrientationLandscapeLeft UIInterfaceOrientationLandscapeRight";
				LD_RUNPATH_SEARCH_PATHS = (
					"$(inherited)",
					"@executable_path/Frameworks",
				);
				MARKETING_VERSION = 1.0;
				PRODUCT_BUNDLE_IDENTIFIER = com.allina.sosnovich.ChatAppDemo;
				PRODUCT_NAME = "$(TARGET_NAME)";
				SWIFT_EMIT_LOC_STRINGS = YES;
				SWIFT_VERSION = 5.0;
				TARGETED_DEVICE_FAMILY = "1,2";
			};
			name = Release;
		};
/* End XCBuildConfiguration section */

/* Begin XCConfigurationList section */
		3596C1AE2ACB6FC2007F6C9B /* Build configuration list for PBXProject "ChatAppDemo" */ = {
			isa = XCConfigurationList;
			buildConfigurations = (
				3596C1BF2ACB6FC8007F6C9B /* Debug */,
				3596C1C02ACB6FC8007F6C9B /* Release */,
			);
			defaultConfigurationIsVisible = 0;
			defaultConfigurationName = Release;
		};
		3596C1C12ACB6FC8007F6C9B /* Build configuration list for PBXNativeTarget "ChatAppDemo" */ = {
			isa = XCConfigurationList;
			buildConfigurations = (
				3596C1C22ACB6FC8007F6C9B /* Debug */,
				3596C1C32ACB6FC8007F6C9B /* Release */,
			);
			defaultConfigurationIsVisible = 0;
			defaultConfigurationName = Release;
		};
/* End XCConfigurationList section */

/* Begin XCRemoteSwiftPackageReference section */
		357DAA642ACB949A001D5299 /* XCRemoteSwiftPackageReference "firebase-ios-sdk" */ = {
			isa = XCRemoteSwiftPackageReference;
			repositoryURL = "https://github.com/firebase/firebase-ios-sdk";
			requirement = {
				kind = upToNextMajorVersion;
				minimumVersion = 10.0.0;
			};
		};
/* End XCRemoteSwiftPackageReference section */

/* Begin XCSwiftPackageProductDependency section */
		357DAA652ACB949A001D5299 /* FirebaseFirestore */ = {
			isa = XCSwiftPackageProductDependency;
			package = 357DAA642ACB949A001D5299 /* XCRemoteSwiftPackageReference "firebase-ios-sdk" */;
			productName = FirebaseFirestore;
		};
		357DAA672ACB949A001D5299 /* FirebaseFirestoreSwift */ = {
			isa = XCSwiftPackageProductDependency;
			package = 357DAA642ACB949A001D5299 /* XCRemoteSwiftPackageReference "firebase-ios-sdk" */;
			productName = FirebaseFirestoreSwift;
		};
/* End XCSwiftPackageProductDependency section */
	};
	rootObject = 3596C1AB2ACB6FC2007F6C9B /* Project object */;
}
